github.com/mattn/go-sqlite3 v1.10.0 h1:jbhqpg7tQe4SupckyijYiy0mJJ/pRyHvXf7JdWK860o=
github.com/mattn/go-sqlite3 v1.10.0/go.mod h1:FPy6KqzDD04eiIsT53CuJW3U88zkxoIYsOqkbpncsNc=
github.com/urwork/throw v0.0.0-20190618060652-2999c1d403a9 h1:ftv1Uynq6zh9CKV9Jfr8Bzakxr0+Qbe8mlN03vPwx7E=
github.com/urwork/throw v0.0.0-20190618060652-2999c1d403a9/go.mod h1:/qC9koDhMB5NwoRQSyISKUa0s1swWt00/dA8F4QKqG4=
